github.com/lair-framework/go-nmap v0.0.0-20191202052157-3507e0b03523 h1:N4NQR4on0n3Kc3xlBXUYzCZorFdordwkR2kcZMk9te0=
github.com/lair-framework/go-nmap v0.0.0-20191202052157-3507e0b03523/go.mod h1:7Em1Lxm3DFdLvXWUZ6bQ/xIbGlxFy7jl07bziQMZ/kU=
github.com/mattn/go-sqlite3 v1.14.5 h1:1IdxlwTNazvbKJQSxoJ5/9ECbEeaTTyeU7sEAZ5KKTQ=
github.com/mattn/go-sqlite3 v1.14.5/go.mod h1:WVKg1VTActs4Qso6iwGbiFih2UIHo0ENGwNd0Lj+XmI=
